
Microsoft Visual Studio Solution File, Format Version 12.00
# Visual Studio Version 17
VisualStudioVersion = 17.6.33829.357
MinimumVisualStudioVersion = 10.0.40219.1
Project("{9A19103F-16F7-4668-BE54-9A1E7A4F7556}") = "Bulky.Web", "Bulky.Web\Bulky.Web.csproj", "{D33273DD-C39A-4557-9B94-6D80305F1490}"
EndProject
Project("{FAE04EC0-301F-11D3-BF4B-00C04F79EFBC}") = "Bulky.WebRazor", "Bulky.WebRazor\Bulky.WebRazor.csproj", "{ABA7A86D-2466-4364-8909-2C12E2D5C226}"
EndProject
Project("{FAE04EC0-301F-11D3-BF4B-00C04F79EFBC}") = "Bulky.Data", "Bulky.Data\Bulky.Data.csproj", "{23508927-BFF0-477A-B04F-D9C6C2642D85}"
EndProject
Project("{FAE04EC0-301F-11D3-BF4B-00C04F79EFBC}") = "Bulky.Models", "Bulky.Models\Bulky.Models.csproj", "{C338CF06-4D69-4FF8-87C4-7908B2548A54}"
EndProject
Project("{FAE04EC0-301F-11D3-BF4B-00C04F79EFBC}") = "Bulky.Utility", "Bulky.Utility\Bulky.Utility.csproj", "{69D92615-B340-4F21-87BC-82443BAA1E99}"
EndProject
Project("{FAE04EC0-301F-11D3-BF4B-00C04F79EFBC}") = "DI_Service_Lifetime", "DI_Service_Lifetime\DI_Service_Lifetime.csproj", "{13FEAAA9-9733-4E0C-AF23-098E02A2AE11}"
EndProject
Global
	GlobalSection(SolutionConfigurationPlatforms) = preSolution
		Debug|Any CPU = Debug|Any CPU
		Release|Any CPU = Release|Any CPU
	EndGlobalSection
	GlobalSection(ProjectConfigurationPlatforms) = postSolution
		{D33273DD-C39A-4557-9B94-6D80305F1490}.Debug|Any CPU.ActiveCfg = Debug|Any CPU
		{D33273DD-C39A-4557-9B94-6D80305F1490}.Debug|Any CPU.Build.0 = Debug|Any CPU
		{D33273DD-C39A-4557-9B94-6D80305F1490}.Release|Any CPU.ActiveCfg = Release|Any CPU
		{D33273DD-C39A-4557-9B94-6D80305F1490}.Release|Any CPU.Build.0 = Release|Any CPU
		{ABA7A86D-2466-4364-8909-2C12E2D5C226}.Debug|Any CPU.ActiveCfg = Debug|Any CPU
		{ABA7A86D-2466-4364-8909-2C12E2D5C226}.Debug|Any CPU.Build.0 = Debug|Any CPU
		{ABA7A86D-2466-4364-8909-2C12E2D5C226}.Release|Any CPU.ActiveCfg = Release|Any CPU
		{ABA7A86D-2466-4364-8909-2C12E2D5C226}.Release|Any CPU.Build.0 = Release|Any CPU
		{23508927-BFF0-477A-B04F-D9C6C2642D85}.Debug|Any CPU.ActiveCfg = Debug|Any CPU
		{23508927-BFF0-477A-B04F-D9C6C2642D85}.Debug|Any CPU.Build.0 = Debug|Any CPU
		{23508927-BFF0-477A-B04F-D9C6C2642D85}.Release|Any CPU.ActiveCfg = Release|Any CPU
		{23508927-BFF0-477A-B04F-D9C6C2642D85}.Release|Any CPU.Build.0 = Release|Any CPU
		{C338CF06-4D69-4FF8-87C4-7908B2548A54}.Debug|Any CPU.ActiveCfg = Debug|Any CPU
		{C338CF06-4D69-4FF8-87C4-7908B2548A54}.Debug|Any CPU.Build.0 = Debug|Any CPU
		{C338CF06-4D69-4FF8-87C4-7908B2548A54}.Release|Any CPU.ActiveCfg = Release|Any CPU
		{C338CF06-4D69-4FF8-87C4-7908B2548A54}.Release|Any CPU.Build.0 = Release|Any CPU
		{69D92615-B340-4F21-87BC-82443BAA1E99}.Debug|Any CPU.ActiveCfg = Debug|Any CPU
		{69D92615-B340-4F21-87BC-82443BAA1E99}.Debug|Any CPU.Build.0 = Debug|Any CPU
		{69D92615-B340-4F21-87BC-82443BAA1E99}.Release|Any CPU.ActiveCfg = Release|Any CPU
		{69D92615-B340-4F21-87BC-82443BAA1E99}.Release|Any CPU.Build.0 = Release|Any CPU
		{13FEAAA9-9733-4E0C-AF23-098E02A2AE11}.Debug|Any CPU.ActiveCfg = Debug|Any CPU
		{13FEAAA9-9733-4E0C-AF23-098E02A2AE11}.Debug|Any CPU.Build.0 = Debug|Any CPU
		{13FEAAA9-9733-4E0C-AF23-098E02A2AE11}.Release|Any CPU.ActiveCfg = Release|Any CPU
		{13FEAAA9-9733-4E0C-AF23-098E02A2AE11}.Release|Any CPU.Build.0 = Release|Any CPU
	EndGlobalSection
	GlobalSection(SolutionProperties) = preSolution
		HideSolutionNode = FALSE
	EndGlobalSection
	GlobalSection(ExtensibilityGlobals) = postSolution
		SolutionGuid = {6522C79A-5C1F-4DD2-9070-756077A9AB46}
	EndGlobalSection
EndGlobal
